// !$*UTF8*$!
{
	archiveVersion = 1;
	classes = {
	};
	objectVersion = 77;
	objects = {

/* Begin PBXContainerItemProxy section */
		96426C752F83FD3D00D652EA /* PBXContainerItemProxy */ = {
			isa = PBXContainerItemProxy;
			containerPortal = 96426C5C2F83FD3C00D652EA /* Project object */;
			proxyType = 1;
			remoteGlobalIDString = 96426C632F83FD3C00D652EA;
			remoteInfo = kolco24;
		};
		96426C7F2F83FD3D00D652EA /* PBXContainerItemProxy */ = {
			isa = PBXContainerItemProxy;
			containerPortal = 96426C5C2F83FD3C00D652EA /* Project object */;
			proxyType = 1;
			remoteGlobalIDString = 96426C632F83FD3C00D652EA;
			remoteInfo = kolco24;
		};
/* End PBXContainerItemProxy section */

/* Begin PBXFileReference section */
		96426C642F83FD3C00D652EA /* kolco24.app */ = {isa = PBXFileReference; explicitFileType = wrapper.application; includeInIndex = 0; path = kolco24.app; sourceTree = BUILT_PRODUCTS_DIR; };
		96426C742F83FD3D00D652EA /* kolco24Tests.xctest */ = {isa = PBXFileReference; explicitFileType = wrapper.cfbundle; includeInIndex = 0; path = kolco24Tests.xctest; sourceTree = BUILT_PRODUCTS_DIR; };
		96426C7E2F83FD3D00D652EA /* kolco24UITests.xctest */ = {isa = PBXFileReference; explicitFileType = wrapper.cfbundle; includeInIndex = 0; path = kolco24UITests.xctest; sourceTree = BUILT_PRODUCTS_DIR; };
/* End PBXFileReference section */

/* Begin PBXFileSystemSynchronizedRootGroup section */
		96426C662F83FD3C00D652EA /* kolco24 */ = {
			isa = PBXFileSystemSynchronizedRootGroup;
			path = kolco24;
			sourceTree = "<group>";
		};
		96426C772F83FD3D00D652EA /* kolco24Tests */ = {
			isa = PBXFileSystemSynchronizedRootGroup;
			path = kolco24Tests;
			sourceTree = "<group>";
		};
		96426C812F83FD3D00D652EA /* kolco24UITests */ = {
			isa = PBXFileSystemSynchronizedRootGroup;
			path = kolco24UITests;
			sourceTree = "<group>";
		};
/* End PBXFileSystemSynchronizedRootGroup section */

/* Begin PBXFrameworksBuildPhase section */
		96426C612F83FD3C00D652EA /* Frameworks */ = {
			isa = PBXFrameworksBuildPhase;
			buildActionMask = 2147483647;
			files = (
			);
			runOnlyForDeploymentPostprocessing = 0;
		};
		96426C712F83FD3D00D652EA /* Frameworks */ = {
			isa = PBXFrameworksBuildPhase;
			buildActionMask = 2147483647;
			files = (
			);
			runOnlyForDeploymentPostprocessing = 0;
		};
		96426C7B2F83FD3D00D652EA /* Frameworks */ = {
			isa = PBXFrameworksBuildPhase;
			buildActionMask = 2147483647;
			files = (
			);
			runOnlyForDeploymentPostprocessing = 0;
		};
/* End PBXFrameworksBuildPhase section */

/* Begin PBXGroup section */
		96426C5B2F83FD3C00D652EA = {
			isa = PBXGroup;
			children = (
				96426C662F83FD3C00D652EA /* kolco24 */,
				96426C772F83FD3D00D652EA /* kolco24Tests */,
				96426C812F83FD3D00D652EA /* kolco24UITests */,
				96426C652F83FD3C00D652EA /* Products */,
			);
			sourceTree = "<group>";
		};
		96426C652F83FD3C00D652EA /* Products */ = {
			isa = PBXGroup;
			children = (
				96426C642F83FD3C00D652EA /* kolco24.app */,
				96426C742F83FD3D00D652EA /* kolco24Tests.xctest */,
				96426C7E2F83FD3D00D652EA /* kolco24UITests.xctest */,
			);
			name = Products;
			sourceTree = "<group>";
		};
/* End PBXGroup section */

/* Begin PBXNativeTarget section */
		96426C632F83FD3C00D652EA /* kolco24 */ = {
			isa = PBXNativeTarget;
			buildConfigurationList = 96426C882F83FD3D00D652EA /* Build configuration list for PBXNativeTarget "kolco24" */;
			buildPhases = (
				96426C602F83FD3C00D652EA /* Sources */,
				96426C612F83FD3C00D652EA /* Frameworks */,
				96426C622F83FD3C00D652EA /* Resources */,
			);
			buildRules = (
			);
			dependencies = (
			);
			fileSystemSynchronizedGroups = (
				96426C662F83FD3C00D652EA /* kolco24 */,
			);
			name = kolco24;
			packageProductDependencies = (
			);
			productName = kolco24;
			productReference = 96426C642F83FD3C00D652EA /* kolco24.app */;
			productType = "com.apple.product-type.application";
		};
		96426C732F83FD3D00D652EA /* kolco24Tests */ = {
			isa = PBXNativeTarget;
			buildConfigurationList = 96426C8B2F83FD3D00D652EA /* Build configuration list for PBXNativeTarget "kolco24Tests" */;
			buildPhases = (
				96426C702F83FD3D00D652EA /* Sources */,
				96426C712F83FD3D00D652EA /* Frameworks */,
				96426C722F83FD3D00D652EA /* Resources */,
			);
			buildRules = (
			);
			dependencies = (
				96426C762F83FD3D00D652EA /* PBXTargetDependency */,
			);
			fileSystemSynchronizedGroups = (
				96426C772F83FD3D00D652EA /* kolco24Tests */,
			);
			name = kolco24Tests;
			packageProductDependencies = (
			);
			productName = kolco24Tests;
			productReference = 96426C742F83FD3D00D652EA /* kolco24Tests.xctest */;
			productType = "com.apple.product-type.bundle.unit-test";
		};
		96426C7D2F83FD3D00D652EA /* kolco24UITests */ = {
			isa = PBXNativeTarget;
			buildConfigurationList = 96426C8E2F83FD3D00D652EA /* Build configuration list for PBXNativeTarget "kolco24UITests" */;
			buildPhases = (
				96426C7A2F83FD3D00D652EA /* Sources */,
				96426C7B2F83FD3D00D652EA /* Frameworks */,
				96426C7C2F83FD3D00D652EA /* Resources */,
			);
			buildRules = (
			);
			dependencies = (
				96426C802F83FD3D00D652EA /* PBXTargetDependency */,
			);
			fileSystemSynchronizedGroups = (
				96426C812F83FD3D00D652EA /* kolco24UITests */,
			);
			name = kolco24UITests;
			packageProductDependencies = (
			);
			productName = kolco24UITests;
			productReference = 96426C7E2F83FD3D00D652EA /* kolco24UITests.xctest */;
			productType = "com.apple.product-type.bundle.ui-testing";
		};
/* End PBXNativeTarget section */

/* Begin PBXProject section */
		96426C5C2F83FD3C00D652EA /* Project object */ = {
			isa = PBXProject;
			attributes = {
				BuildIndependentTargetsInParallel = 1;
				LastSwiftUpdateCheck = 1600;
				LastUpgradeCheck = 1600;
				TargetAttributes = {
					96426C632F83FD3C00D652EA = {
						CreatedOnToolsVersion = 16.0;
					};
					96426C732F83FD3D00D652EA = {
						CreatedOnToolsVersion = 16.0;
						TestTargetID = 96426C632F83FD3C00D652EA;
					};
					96426C7D2F83FD3D00D652EA = {
						CreatedOnToolsVersion = 16.0;
						TestTargetID = 96426C632F83FD3C00D652EA;
					};
				};
			};
			buildConfigurationList = 96426C5F2F83FD3C00D652EA /* Build configuration list for PBXProject "kolco24" */;
			developmentRegion = en;
			hasScannedForEncodings = 0;
			knownRegions = (
				en,
				Base,
			);
			mainGroup = 96426C5B2F83FD3C00D652EA;
			minimizedProjectReferenceProxies = 1;
			preferredProjectObjectVersion = 77;
			productRefGroup = 96426C652F83FD3C00D652EA /* Products */;
			projectDirPath = "";
			projectRoot = "";
			targets = (
				96426C632F83FD3C00D652EA /* kolco24 */,
				96426C732F83FD3D00D652EA /* kolco24Tests */,
				96426C7D2F83FD3D00D652EA /* kolco24UITests */,
			);
		};
/* End PBXProject section */

/* Begin PBXResourcesBuildPhase section */
		96426C622F83FD3C00D652EA /* Resources */ = {
			isa = PBXResourcesBuildPhase;
			buildActionMask = 2147483647;
			files = (
			);
			runOnlyForDeploymentPostprocessing = 0;
		};
		96426C722F83FD3D00D652EA /* Resources */ = {
			isa = PBXResourcesBuildPhase;
			buildActionMask = 2147483647;
			files = (
			);
			runOnlyForDeploymentPostprocessing = 0;
		};
		96426C7C2F83FD3D00D652EA /* Resources */ = {
			isa = PBXResourcesBuildPhase;
			buildActionMask = 2147483647;
			files = (
			);
			runOnlyForDeploymentPostprocessing = 0;
		};
/* End PBXResourcesBuildPhase section */

/* Begin PBXSourcesBuildPhase section */
		96426C602F83FD3C00D652EA /* Sources */ = {
			isa = PBXSourcesBuildPhase;
			buildActionMask = 2147483647;
			files = (
			);
			runOnlyForDeploymentPostprocessing = 0;
		};
		96426C702F83FD3D00D652EA /* Sources */ = {
			isa = PBXSourcesBuildPhase;
			buildActionMask = 2147483647;
			files = (
			);
			runOnlyForDeploymentPostprocessing = 0;
		};
		96426C7A2F83FD3D00D652EA /* Sources */ = {
			isa = PBXSourcesBuildPhase;
			buildActionMask = 2147483647;
			files = (
			);
			runOnlyForDeploymentPostprocessing = 0;
		};
/* End PBXSourcesBuildPhase section */

/* Begin PBXTargetDependency section */
		96426C762F83FD3D00D652EA /* PBXTargetDependency */ = {
			isa = PBXTargetDependency;
			target = 96426C632F83FD3C00D652EA /* kolco24 */;
			targetProxy = 96426C752F83FD3D00D652EA /* PBXContainerItemProxy */;
		};
		96426C802F83FD3D00D652EA /* PBXTargetDependency */ = {
			isa = PBXTargetDependency;
			target = 96426C632F83FD3C00D652EA /* kolco24 */;
			targetProxy = 96426C7F2F83FD3D00D652EA /* PBXContainerItemProxy */;
		};
/* End PBXTargetDependency section */

/* Begin XCBuildConfiguration section */
		96426C862F83FD3D00D652EA /* Debug */ = {
			isa = XCBuildConfiguration;
			buildSettings = {
				ALWAYS_SEARCH_USER_PATHS = NO;
				ASSETCATALOG_COMPILER_GENERATE_SWIFT_ASSET_SYMBOL_EXTENSIONS = YES;
				CLANG_ANALYZER_NONNULL = YES;
				CLANG_ANALYZER_NUMBER_OBJECT_CONVERSION = YES_AGGRESSIVE;
				CLANG_CXX_LANGUAGE_STANDARD = "gnu++20";
				CLANG_ENABLE_MODULES = YES;
				CLANG_ENABLE_OBJC_ARC = YES;
				CLANG_ENABLE_OBJC_WEAK = YES;
				CLANG_WARN_BLOCK_CAPTURE_AUTORELEASING = YES;
				CLANG_WARN_BOOL_CONVERSION = YES;
				CLANG_WARN_COMMA = YES;
				CLANG_WARN_CONSTANT_CONVERSION = YES;
				CLANG_WARN_DEPRECATED_OBJC_IMPLEMENTATIONS = YES;
				CLANG_WARN_DIRECT_OBJC_ISA_USAGE = YES_ERROR;
				CLANG_WARN_DOCUMENTATION_COMMENTS = YES;
				CLANG_WARN_EMPTY_BODY = YES;
				CLANG_WARN_ENUM_CONVERSION = YES;
				CLANG_WARN_INFINITE_RECURSION = YES;
				CLANG_WARN_INT_CONVERSION = YES;
				CLANG_WARN_NON_LITERAL_NULL_CONVERSION = YES;
				CLANG_WARN_OBJC_IMPLICIT_RETAIN_SELF = YES;
				CLANG_WARN_OBJC_LITERAL_CONVERSION = YES;
				CLANG_WARN_OBJC_ROOT_CLASS = YES_ERROR;
				CLANG_WARN_QUOTED_INCLUDE_IN_FRAMEWORK_HEADER = YES;
				CLANG_WARN_RANGE_LOOP_ANALYSIS = YES;
				CLANG_WARN_STRICT_PROTOTYPES = YES;
				CLANG_WARN_SUSPICIOUS_MOVE = YES;
				CLANG_WARN_UNGUARDED_AVAILABILITY = YES_AGGRESSIVE;
				CLANG_WARN_UNREACHABLE_CODE = YES;
				CLANG_WARN__DUPLICATE_METHOD_MATCH = YES;
				COPY_PHASE_STRIP = NO;
				DEBUG_INFORMATION_FORMAT = dwarf;
				ENABLE_STRICT_OBJC_MSGSEND = YES;
				ENABLE_TESTABILITY = YES;
				ENABLE_USER_SCRIPT_SANDBOXING = YES;
				GCC_C_LANGUAGE_STANDARD = gnu17;
				GCC_DYNAMIC_NO_PIC = NO;
				GCC_NO_COMMON_BLOCKS = YES;
				GCC_OPTIMIZATION_LEVEL = 0;
				GCC_PREPROCESSOR_DEFINITIONS = (
					"DEBUG=1",
					"$(inherited)",
				);
				GCC_WARN_64_TO_32_BIT_CONVERSION = YES;
				GCC_WARN_ABOUT_RETURN_TYPE = YES_ERROR;
				GCC_WARN_UNDECLARED_SELECTOR = YES;
				GCC_WARN_UNINITIALIZED_AUTOS = YES_AGGRESSIVE;
				GCC_WARN_UNUSED_FUNCTION = YES;
				GCC_WARN_UNUSED_VARIABLE = YES;
				IPHONEOS_DEPLOYMENT_TARGET = 18.0;
				LOCALIZATION_PREFERS_STRING_CATALOGS = YES;
				MTL_ENABLE_DEBUG_INFO = INCLUDE_SOURCE;
				MTL_FAST_MATH = YES;
				ONLY_ACTIVE_ARCH = YES;
				SDKROOT = iphoneos;
				SWIFT_ACTIVE_COMPILATION_CONDITIONS = "DEBUG $(inherited)";
				SWIFT_OPTIMIZATION_LEVEL = "-Onone";
			};
			name = Debug;
		};
		96426C872F83FD3D00D652EA /* Release */ = {
			isa = XCBuildConfiguration;
			buildSettings = {
				ALWAYS_SEARCH_USER_PATHS = NO;
				ASSETCATALOG_COMPILER_GENERATE_SWIFT_ASSET_SYMBOL_EXTENSIONS = YES;
				CLANG_ANALYZER_NONNULL = YES;
				CLANG_ANALYZER_NUMBER_OBJECT_CONVERSION = YES_AGGRESSIVE;
				CLANG_CXX_LANGUAGE_STANDARD = "gnu++20";
				CLANG_ENABLE_MODULES = YES;
				CLANG_ENABLE_OBJC_ARC = YES;
				CLANG_ENABLE_OBJC_WEAK = YES;
				CLANG_WARN_BLOCK_CAPTURE_AUTORELEASING = YES;
				CLANG_WARN_BOOL_CONVERSION = YES;
				CLANG_WARN_COMMA = YES;
				CLANG_WARN_CONSTANT_CONVERSION = YES;
				CLANG_WARN_DEPRECATED_OBJC_IMPLEMENTATIONS = YES;
				CLANG_WARN_DIRECT_OBJC_ISA_USAGE = YES_ERROR;
				CLANG_WARN_DOCUMENTATION_COMMENTS = YES;
				CLANG_WARN_EMPTY_BODY = YES;
				CLANG_WARN_ENUM_CONVERSION = YES;
				CLANG_WARN_INFINITE_RECURSION = YES;
				CLANG_WARN_INT_CONVERSION = YES;
				CLANG_WARN_NON_LITERAL_NULL_CONVERSION = YES;
				CLANG_WARN_OBJC_IMPLICIT_RETAIN_SELF = YES;
				CLANG_WARN_OBJC_LITERAL_CONVERSION = YES;
				CLANG_WARN_OBJC_ROOT_CLASS = YES_ERROR;
				CLANG_WARN_QUOTED_INCLUDE_IN_FRAMEWORK_HEADER = YES;
				CLANG_WARN_RANGE_LOOP_ANALYSIS = YES;
				CLANG_WARN_STRICT_PROTOTYPES = YES;
				CLANG_WARN_SUSPICIOUS_MOVE = YES;
				CLANG_WARN_UNGUARDED_AVAILABILITY = YES_AGGRESSIVE;
				CLANG_WARN_UNREACHABLE_CODE = YES;
				CLANG_WARN__DUPLICATE_METHOD_MATCH = YES;
				COPY_PHASE_STRIP = NO;
				DEBUG_INFORMATION_FORMAT = "dwarf-with-dsym";
				ENABLE_NS_ASSERTIONS = NO;
				ENABLE_STRICT_OBJC_MSGSEND = YES;
				ENABLE_USER_SCRIPT_SANDBOXING = YES;
				GCC_C_LANGUAGE_STANDARD = gnu17;
				GCC_NO_COMMON_BLOCKS = YES;
				GCC_WARN_64_TO_32_BIT_CONVERSION = YES;
				GCC_WARN_ABOUT_RETURN_TYPE = YES_ERROR;
				GCC_WARN_UNDECLARED_SELECTOR = YES;
				GCC_WARN_UNINITIALIZED_AUTOS = YES_AGGRESSIVE;
				GCC_WARN_UNUSED_FUNCTION = YES;
				GCC_WARN_UNUSED_VARIABLE = YES;
				IPHONEOS_DEPLOYMENT_TARGET = 18.0;
				LOCALIZATION_PREFERS_STRING_CATALOGS = YES;
				MTL_ENABLE_DEBUG_INFO = NO;
				MTL_FAST_MATH = YES;
				SDKROOT = iphoneos;
				SWIFT_COMPILATION_MODE = wholemodule;
				VALIDATE_PRODUCT = YES;
			};
			name = Release;
		};
		96426C892F83FD3D00D652EA /* Debug */ = {
			isa = XCBuildConfiguration;
			buildSettings = {
				ASSETCATALOG_COMPILER_APPICON_NAME = AppIcon;
				ASSETCATALOG_COMPILER_GLOBAL_ACCENT_COLOR_NAME = AccentColor;
				CODE_SIGN_STYLE = Automatic;
				CURRENT_PROJECT_VERSION = 1;
				DEVELOPMENT_ASSET_PATHS = "\"kolco24/Preview Content\"";
				DEVELOPMENT_TEAM = N9XCY9HK5G;
				ENABLE_PREVIEWS = YES;
				GENERATE_INFOPLIST_FILE = YES;
				INFOPLIST_KEY_UIApplicationSceneManifest_Generation = YES;
				INFOPLIST_KEY_UIApplicationSupportsIndirectInputEvents = YES;
				INFOPLIST_KEY_UILaunchScreen_Generation = YES;
				INFOPLIST_KEY_UISupportedInterfaceOrientations_iPad = "UIInterfaceOrientationPortrait UIInterfaceOrientationPortraitUpsideDown UIInterfaceOrientationLandscapeLeft UIInterfaceOrientationLandscapeRight";
				INFOPLIST_KEY_UISupportedInterfaceOrientations_iPhone = "UIInterfaceOrientationPortrait UIInterfaceOrientationLandscapeLeft UIInterfaceOrientationLandscapeRight";
				LD_RUNPATH_SEARCH_PATHS = (
					"$(inherited)",
					"@executable_path/Frameworks",
				);
				MARKETING_VERSION = 1.0;
				PRODUCT_BUNDLE_IDENTIFIER = kolco24.ru.kolco24;
				PRODUCT_NAME = "$(TARGET_NAME)";
				SWIFT_EMIT_LOC_STRINGS = YES;
				SWIFT_VERSION = 5.0;
				TARGETED_DEVICE_FAMILY = "1,2";
			};
			name = Debug;
		};
		96426C8A2F83FD3D00D652EA /* Release */ = {
			isa = XCBuildConfiguration;
			buildSettings = {
				ASSETCATALOG_COMPILER_APPICON_NAME = AppIcon;
				ASSETCATALOG_COMPILER_GLOBAL_ACCENT_COLOR_NAME = AccentColor;
				CODE_SIGN_STYLE = Automatic;
				CURRENT_PROJECT_VERSION = 1;
				DEVELOPMENT_ASSET_PATHS = "\"kolco24/Preview Content\"";
				DEVELOPMENT_TEAM = N9XCY9HK5G;
				ENABLE_PREVIEWS = YES;
				GENERATE_INFOPLIST_FILE = YES;
				INFOPLIST_KEY_UIApplicationSceneManifest_Generation = YES;
				INFOPLIST_KEY_UIApplicationSupportsIndirectInputEvents = YES;
				INFOPLIST_KEY_UILaunchScreen_Generation = YES;
				INFOPLIST_KEY_UISupportedInterfaceOrientations_iPad = "UIInterfaceOrientationPortrait UIInterfaceOrientationPortraitUpsideDown UIInterfaceOrientationLandscapeLeft UIInterfaceOrientationLandscapeRight";
				INFOPLIST_KEY_UISupportedInterfaceOrientations_iPhone = "UIInterfaceOrientationPortrait UIInterfaceOrientationLandscapeLeft UIInterfaceOrientationLandscapeRight";
				LD_RUNPATH_SEARCH_PATHS = (
					"$(inherited)",
					"@executable_path/Frameworks",
				);
				MARKETING_VERSION = 1.0;
				PRODUCT_BUNDLE_IDENTIFIER = kolco24.ru.kolco24;
				PRODUCT_NAME = "$(TARGET_NAME)";
				SWIFT_EMIT_LOC_STRINGS = YES;
				SWIFT_VERSION = 5.0;
				TARGETED_DEVICE_FAMILY = "1,2";
			};
			name = Release;
		};
		96426C8C2F83FD3D00D652EA /* Debug */ = {
			isa = XCBuildConfiguration;
			buildSettings = {
				BUNDLE_LOADER = "$(TEST_HOST)";
				CODE_SIGN_STYLE = Automatic;
				CURRENT_PROJECT_VERSION = 1;
				GENERATE_INFOPLIST_FILE = YES;
				IPHONEOS_DEPLOYMENT_TARGET = 18.0;
				MARKETING_VERSION = 1.0;
				PRODUCT_BUNDLE_IDENTIFIER = kolco24.ru.kolco24Tests;
				PRODUCT_NAME = "$(TARGET_NAME)";
				SWIFT_EMIT_LOC_STRINGS = NO;
				SWIFT_VERSION = 5.0;
				TARGETED_DEVICE_FAMILY = "1,2";
				TEST_HOST = "$(BUILT_PRODUCTS_DIR)/kolco24.app/$(BUNDLE_EXECUTABLE_FOLDER_PATH)/kolco24";
			};
			name = Debug;
		};
		96426C8D2F83FD3D00D652EA /* Release */ = {
			isa = XCBuildConfiguration;
			buildSettings = {
				BUNDLE_LOADER = "$(TEST_HOST)";
				CODE_SIGN_STYLE = Automatic;
				CURRENT_PROJECT_VERSION = 1;
				GENERATE_INFOPLIST_FILE = YES;
				IPHONEOS_DEPLOYMENT_TARGET = 18.0;
				MARKETING_VERSION = 1.0;
				PRODUCT_BUNDLE_IDENTIFIER = kolco24.ru.kolco24Tests;
				PRODUCT_NAME = "$(TARGET_NAME)";
				SWIFT_EMIT_LOC_STRINGS = NO;
				SWIFT_VERSION = 5.0;
				TARGETED_DEVICE_FAMILY = "1,2";
				TEST_HOST = "$(BUILT_PRODUCTS_DIR)/kolco24.app/$(BUNDLE_EXECUTABLE_FOLDER_PATH)/kolco24";
			};
			name = Release;
		};
		96426C8F2F83FD3D00D652EA /* Debug */ = {
			isa = XCBuildConfiguration;
			buildSettings = {
				CODE_SIGN_STYLE = Automatic;
				CURRENT_PROJECT_VERSION = 1;
				GENERATE_INFOPLIST_FILE = YES;
				MARKETING_VERSION = 1.0;
				PRODUCT_BUNDLE_IDENTIFIER = kolco24.ru.kolco24UITests;
				PRODUCT_NAME = "$(TARGET_NAME)";
				SWIFT_EMIT_LOC_STRINGS = NO;
				SWIFT_VERSION = 5.0;
				TARGETED_DEVICE_FAMILY = "1,2";
				TEST_TARGET_NAME = kolco24;
			};
			name = Debug;
		};
		96426C902F83FD3D00D652EA /* Release */ = {
			isa = XCBuildConfiguration;
			buildSettings = {
				CODE_SIGN_STYLE = Automatic;
				CURRENT_PROJECT_VERSION = 1;
				GENERATE_INFOPLIST_FILE = YES;
				MARKETING_VERSION = 1.0;
				PRODUCT_BUNDLE_IDENTIFIER = kolco24.ru.kolco24UITests;
				PRODUCT_NAME = "$(TARGET_NAME)";
				SWIFT_EMIT_LOC_STRINGS = NO;
				SWIFT_VERSION = 5.0;
				TARGETED_DEVICE_FAMILY = "1,2";
				TEST_TARGET_NAME = kolco24;
			};
			name = Release;
		};
/* End XCBuildConfiguration section */

/* Begin XCConfigurationList section */
		96426C5F2F83FD3C00D652EA /* Build configuration list for PBXProject "kolco24" */ = {
			isa = XCConfigurationList;
			buildConfigurations = (
				96426C862F83FD3D00D652EA /* Debug */,
				96426C872F83FD3D00D652EA /* Release */,
			);
			defaultConfigurationIsVisible = 0;
			defaultConfigurationName = Release;
		};
		96426C882F83FD3D00D652EA /* Build configuration list for PBXNativeTarget "kolco24" */ = {
			isa = XCConfigurationList;
			buildConfigurations = (
				96426C892F83FD3D00D652EA /* Debug */,
				96426C8A2F83FD3D00D652EA /* Release */,
			);
			defaultConfigurationIsVisible = 0;
			defaultConfigurationName = Release;
		};
		96426C8B2F83FD3D00D652EA /* Build configuration list for PBXNativeTarget "kolco24Tests" */ = {
			isa = XCConfigurationList;
			buildConfigurations = (
				96426C8C2F83FD3D00D652EA /* Debug */,
				96426C8D2F83FD3D00D652EA /* Release */,
			);
			defaultConfigurationIsVisible = 0;
			defaultConfigurationName = Release;
		};
		96426C8E2F83FD3D00D652EA /* Build configuration list for PBXNativeTarget "kolco24UITests" */ = {
			isa = XCConfigurationList;
			buildConfigurations = (
				96426C8F2F83FD3D00D652EA /* Debug */,
				96426C902F83FD3D00D652EA /* Release */,
			);
			defaultConfigurationIsVisible = 0;
			defaultConfigurationName = Release;
		};
/* End XCConfigurationList section */
	};
	rootObject = 96426C5C2F83FD3C00D652EA /* Project object */;
}
